PODS:
  - AMKCategories (0.1.0):
    - AMKCategories/DefaultSubspec (= 0.1.0)
  - AMKCategories/DefaultSubspec (0.1.0):
    - AMKCategories/Foundation/NSBundle/VersionInfo
  - AMKCategories/Foundation (0.1.0):
    - AMKCategories/Foundation/NSBundle (= 0.1.0)
    - AMKCategories/Foundation/NSObject (= 0.1.0)
  - AMKCategories/Foundation/NSBundle (0.1.0):
    - AMKCategories/Foundation/NSBundle/BundleInfo (= 0.1.0)
    - AMKCategories/Foundation/NSBundle/GitCommitInfo (= 0.1.0)
    - AMKCategories/Foundation/NSBundle/VersionInfo (= 0.1.0)
  - AMKCategories/Foundation/NSBundle/BundleInfo (0.1.0)
  - AMKCategories/Foundation/NSBundle/GitCommitInfo (0.1.0)
  - AMKCategories/Foundation/NSBundle/VersionInfo (0.1.0)
  - AMKCategories/Foundation/NSObject (0.1.0):
    - AMKCategories/Foundation/NSObject/LocaleDescription (= 0.1.0)
    - AMKCategories/Foundation/NSObject/MethodSwizzling (= 0.1.0)
  - AMKCategories/Foundation/NSObject/LocaleDescription (0.1.0)
  - AMKCategories/Foundation/NSObject/MethodSwizzling (0.1.0)

DEPENDENCIES:
  - AMKCategories (from `../`)
  - AMKCategories/Foundation (from `../`)

EXTERNAL SOURCES:
  AMKCategories:
    :path: "../"

SPEC CHECKSUMS:
  AMKCategories: 4ea1358516e81e536143c634b100a0fb7a342c3c

PODFILE CHECKSUM: a061881381a37135ae58612a6183b36f1203cfd6

COCOAPODS: 1.7.0.beta.3
