PODS:
  - AMKCategories (0.1.7):
    - AMKCategories/DefaultSubspec (= 0.1.7)
  - AMKCategories/DefaultSubspec (0.1.7):
    - AMKCategories/Foundation
    - AMKCategories/QuartzCore
    - AMKCategories/UIKit
  - AMKCategories/Foundation (0.1.7):
    - AMKCategories/Foundation/Macros (= 0.1.7)
    - AMKCategories/Foundation/NSBundle (= 0.1.7)
    - AMKCategories/Foundation/NSDictionary (= 0.1.7)
    - AMKCategories/Foundation/NSObject (= 0.1.7)
    - AMKCategories/Foundation/NSString (= 0.1.7)
  - AMKCategories/Foundation/Macros (0.1.7):
    - AMKCategories/Foundation/Macros/Metamacros (= 0.1.7)
  - AMKCategories/Foundation/Macros/Metamacros (0.1.7)
  - AMKCategories/Foundation/NSBundle (0.1.7):
    - AMKCategories/Foundation/NSBundle/BundleInfo (= 0.1.7)
    - AMKCategories/Foundation/NSBundle/GitCommitInfo (= 0.1.7)
    - AMKCategories/Foundation/NSBundle/MobileProvision (= 0.1.7)
    - AMKCategories/Foundation/NSBundle/VersionInfo (= 0.1.7)
  - AMKCategories/Foundation/NSBundle/BundleInfo (0.1.7)
  - AMKCategories/Foundation/NSBundle/GitCommitInfo (0.1.7)
  - AMKCategories/Foundation/NSBundle/MobileProvision (0.1.7)
  - AMKCategories/Foundation/NSBundle/VersionInfo (0.1.7)
  - AMKCategories/Foundation/NSDictionary (0.1.7):
    - AMKCategories/Foundation/NSDictionary/ObjectForKey (= 0.1.7)
  - AMKCategories/Foundation/NSDictionary/ObjectForKey (0.1.7)
  - AMKCategories/Foundation/NSObject (0.1.7):
    - AMKCategories/Foundation/NSObject/KeyPathCoding (= 0.1.7)
    - AMKCategories/Foundation/NSObject/KeyValueObserving (= 0.1.7)
    - AMKCategories/Foundation/NSObject/LocaleDescription (= 0.1.7)
    - AMKCategories/Foundation/NSObject/MethodSwizzling (= 0.1.7)
  - AMKCategories/Foundation/NSObject/KeyPathCoding (0.1.7):
    - AMKCategories/Foundation/Macros/Metamacros
  - AMKCategories/Foundation/NSObject/KeyValueObserving (0.1.7)
  - AMKCategories/Foundation/NSObject/LocaleDescription (0.1.7)
  - AMKCategories/Foundation/NSObject/MethodSwizzling (0.1.7)
  - AMKCategories/Foundation/NSString (0.1.7):
    - AMKCategories/Foundation/NSString/Emoji (= 0.1.7)
  - AMKCategories/Foundation/NSString/Emoji (0.1.7):
    - AMKCategories/Foundation/NSObject/MethodSwizzling
  - AMKCategories/QuartzCore (0.1.7):
    - AMKCategories/QuartzCore/CAAnimation (= 0.1.7)
  - AMKCategories/QuartzCore/CAAnimation (0.1.7):
    - AMKCategories/QuartzCore/CAAnimation/AnimationDelegate (= 0.1.7)
  - AMKCategories/QuartzCore/CAAnimation/AnimationDelegate (0.1.7)
  - AMKCategories/UIKit (0.1.7):
    - AMKCategories/UIKit/UIApplication (= 0.1.7)
    - AMKCategories/UIKit/UICollectionView (= 0.1.7)
    - AMKCategories/UIKit/UIImage (= 0.1.7)
    - AMKCategories/UIKit/UILabel (= 0.1.7)
    - AMKCategories/UIKit/UITableView (= 0.1.7)
    - AMKCategories/UIKit/UIView (= 0.1.7)
    - AMKCategories/UIKit/UIViewController (= 0.1.7)
    - AMKCategories/UIKit/UIWindow (= 0.1.7)
  - AMKCategories/UIKit/UIApplication (0.1.7):
    - AMKCategories/UIKit/UIApplication/MobileProvision (= 0.1.7)
  - AMKCategories/UIKit/UIApplication/MobileProvision (0.1.7):
    - AMKCategories/Foundation/NSBundle/MobileProvision
  - AMKCategories/UIKit/UICollectionView (0.1.7):
    - AMKCategories/UIKit/UICollectionView/Delegate (= 0.1.7)
  - AMKCategories/UIKit/UICollectionView/Delegate (0.1.7):
    - AMKCategories/Foundation/NSObject/MethodSwizzling
  - AMKCategories/UIKit/UIImage (0.1.7):
    - AMKCategories/UIKit/UIImage/Rendering (= 0.1.7)
    - AMKCategories/UIKit/UIImage/Resizing (= 0.1.7)
  - AMKCategories/UIKit/UIImage/Rendering (0.1.7)
  - AMKCategories/UIKit/UIImage/Resizing (0.1.7)
  - AMKCategories/UIKit/UILabel (0.1.7):
    - AMKCategories/UIKit/UILabel/Drawing (= 0.1.7)
  - AMKCategories/UIKit/UILabel/Drawing (0.1.7):
    - AMKCategories/Foundation/NSObject/MethodSwizzling
  - AMKCategories/UIKit/UITableView (0.1.7):
    - AMKCategories/UIKit/UITableView/Delegate (= 0.1.7)
  - AMKCategories/UIKit/UITableView/Delegate (0.1.7):
    - AMKCategories/Foundation/NSObject/MethodSwizzling
  - AMKCategories/UIKit/UIView (0.1.7):
    - AMKCategories/UIKit/UIView/Interactions (= 0.1.7)
    - AMKCategories/UIKit/UIView/ViewLevel (= 0.1.7)
  - AMKCategories/UIKit/UIView/Interactions (0.1.7):
    - AMKCategories/Foundation/NSObject/MethodSwizzling
  - AMKCategories/UIKit/UIView/ViewLevel (0.1.7):
    - AMKCategories/Foundation/NSObject/MethodSwizzling
  - AMKCategories/UIKit/UIViewController (0.1.7):
    - AMKCategories/UIKit/UIViewController/LifeCircleBlock (= 0.1.7)
    - AMKCategories/UIKit/UIViewController/NavigationController (= 0.1.7)
    - AMKCategories/UIKit/UIViewController/NavigationControllerWithCallback (= 0.1.7)
  - AMKCategories/UIKit/UIViewController/LifeCircleBlock (0.1.7):
    - AMKCategories/Foundation/NSObject/MethodSwizzling
  - AMKCategories/UIKit/UIViewController/NavigationController (0.1.7):
    - AMKCategories/Foundation/NSObject/MethodSwizzling
  - AMKCategories/UIKit/UIViewController/NavigationControllerWithCallback (0.1.7):
    - AMKCategories/UIKit/UIViewController/LifeCircleBlock
    - AMKCategories/UIKit/UIViewController/NavigationController
  - AMKCategories/UIKit/UIWindow (0.1.7):
    - AMKCategories/UIKit/UIWindow/ReleaseMode (= 0.1.7)
  - AMKCategories/UIKit/UIWindow/ReleaseMode (0.1.7):
    - AMKCategories/UIKit/UIApplication/MobileProvision
    - AMKCategories/UIKit/UILabel/Drawing
    - AMKCategories/UIKit/UIView/ViewLevel
  - Masonry (1.1.0)
  - XcodeCoverage (1.4.0)

DEPENDENCIES:
  - AMKCategories (from `../`)
  - AMKCategories/Foundation (from `../`)
  - AMKCategories/UIKit (from `../`)
  - Masonry (= 1.1.0)
  - XcodeCoverage

SPEC REPOS:
  trunk:
    - Masonry
    - XcodeCoverage

EXTERNAL SOURCES:
  AMKCategories:
    :path: "../"

SPEC CHECKSUMS:
  AMKCategories: e13601ad2a030a8c479f005279263795cbe3f9ea
  Masonry: 678fab65091a9290e40e2832a55e7ab731aad201
  XcodeCoverage: 443974d56f4f83c759f8850a6285561361e3e79b

PODFILE CHECKSUM: 4442fe7151f349828562c7ee5ed06fb877b1f7ec

COCOAPODS: 1.9.3
