// !$*UTF8*$!
{
	archiveVersion = 1;
	classes = {
	};
	objectVersion = 46;
	objects = {

/* Begin PBXBuildFile section */
		0D34AC88A16CD60F7B28C741 /* Pods_AMKCategories_Example.framework in Frameworks */ = {isa = PBXBuildFile; fileRef = 446577AC5A75A400E40E7472 /* Pods_AMKCategories_Example.framework */; };
		6003F58E195388D20070C39A /* Foundation.framework in Frameworks */ = {isa = PBXBuildFile; fileRef = 6003F58D195388D20070C39A /* Foundation.framework */; };
		6003F590195388D20070C39A /* CoreGraphics.framework in Frameworks */ = {isa = PBXBuildFile; fileRef = 6003F58F195388D20070C39A /* CoreGraphics.framework */; };
		6003F592195388D20070C39A /* UIKit.framework in Frameworks */ = {isa = PBXBuildFile; fileRef = 6003F591195388D20070C39A /* UIKit.framework */; };
		6003F598195388D20070C39A /* InfoPlist.strings in Resources */ = {isa = PBXBuildFile; fileRef = 6003F596195388D20070C39A /* InfoPlist.strings */; };
		6003F59A195388D20070C39A /* main.m in Sources */ = {isa = PBXBuildFile; fileRef = 6003F599195388D20070C39A /* main.m */; };
		6003F59E195388D20070C39A /* AMKAppDelegate.m in Sources */ = {isa = PBXBuildFile; fileRef = 6003F59D195388D20070C39A /* AMKAppDelegate.m */; };
		6003F5A7195388D20070C39A /* AMKRootViewController.m in Sources */ = {isa = PBXBuildFile; fileRef = 6003F5A6195388D20070C39A /* AMKRootViewController.m */; };
		6003F5A9195388D20070C39A /* Images.xcassets in Resources */ = {isa = PBXBuildFile; fileRef = 6003F5A8195388D20070C39A /* Images.xcassets */; };
		6003F5B0195388D20070C39A /* XCTest.framework in Frameworks */ = {isa = PBXBuildFile; fileRef = 6003F5AF195388D20070C39A /* XCTest.framework */; };
		6003F5B1195388D20070C39A /* Foundation.framework in Frameworks */ = {isa = PBXBuildFile; fileRef = 6003F58D195388D20070C39A /* Foundation.framework */; };
		6003F5B2195388D20070C39A /* UIKit.framework in Frameworks */ = {isa = PBXBuildFile; fileRef = 6003F591195388D20070C39A /* UIKit.framework */; };
		6003F5BA195388D20070C39A /* InfoPlist.strings in Resources */ = {isa = PBXBuildFile; fileRef = 6003F5B8195388D20070C39A /* InfoPlist.strings */; };
		6003F5BC195388D20070C39A /* Tests.m in Sources */ = {isa = PBXBuildFile; fileRef = 6003F5BB195388D20070C39A /* Tests.m */; };
		71719F9F1E33DC2100824A3D /* LaunchScreen.storyboard in Resources */ = {isa = PBXBuildFile; fileRef = 71719F9D1E33DC2100824A3D /* LaunchScreen.storyboard */; };
		8806D974290BB4BA005DC5C1 /* AMKContentHuggingPriorityControl.m in Sources */ = {isa = PBXBuildFile; fileRef = 8806D947290BB4BA005DC5C1 /* AMKContentHuggingPriorityControl.m */; };
		8806D975290BB4BA005DC5C1 /* AMKContentHuggingPriorityViewController.m in Sources */ = {isa = PBXBuildFile; fileRef = 8806D948290BB4BA005DC5C1 /* AMKContentHuggingPriorityViewController.m */; };
		8806D976290BB4BA005DC5C1 /* AMKCustomProgressView.m in Sources */ = {isa = PBXBuildFile; fileRef = 8806D94B290BB4BA005DC5C1 /* AMKCustomProgressView.m */; };
		8806D977290BB4BA005DC5C1 /* AMKCustomProgressViewController.m in Sources */ = {isa = PBXBuildFile; fileRef = 8806D94C290BB4BA005DC5C1 /* AMKCustomProgressViewController.m */; };
		8806D978290BB4BA005DC5C1 /* AMKCollectionViewDelegateViewController.m in Sources */ = {isa = PBXBuildFile; fileRef = 8806D952290BB4BA005DC5C1 /* AMKCollectionViewDelegateViewController.m */; };
		8806D979290BB4BB005DC5C1 /* AMKLifeCircleBlockExampleViewController.m in Sources */ = {isa = PBXBuildFile; fileRef = 8806D955290BB4BA005DC5C1 /* AMKLifeCircleBlockExampleViewController.m */; };
		8806D97A290BB4BB005DC5C1 /* AMKTableViewDelegateViewController.m in Sources */ = {isa = PBXBuildFile; fileRef = 8806D959290BB4BA005DC5C1 /* AMKTableViewDelegateViewController.m */; };
		8806D97B290BB4BB005DC5C1 /* AMKGitCommitInfoViewController.m in Sources */ = {isa = PBXBuildFile; fileRef = 8806D960290BB4BA005DC5C1 /* AMKGitCommitInfoViewController.m */; };
		8806D97C290BB4BB005DC5C1 /* AMKAppVersionInfoViewController.m in Sources */ = {isa = PBXBuildFile; fileRef = 8806D963290BB4BA005DC5C1 /* AMKAppVersionInfoViewController.m */; };
		8806D97D290BB4BB005DC5C1 /* AMKEmojiStringViewController.m in Sources */ = {isa = PBXBuildFile; fileRef = 8806D967290BB4BA005DC5C1 /* AMKEmojiStringViewController.m */; };
		8806D97E290BB4BB005DC5C1 /* AMKEmojiStringViewController.txt in Resources */ = {isa = PBXBuildFile; fileRef = 8806D968290BB4BA005DC5C1 /* AMKEmojiStringViewController.txt */; };
		8806D97F290BB4BB005DC5C1 /* AMKKeyPathCodingViewController.m in Sources */ = {isa = PBXBuildFile; fileRef = 8806D96C290BB4BA005DC5C1 /* AMKKeyPathCodingViewController.m */; };
		8806D980290BB4BB005DC5C1 /* AMKMBProgressHUDViewController.m in Sources */ = {isa = PBXBuildFile; fileRef = 8806D971290BB4BA005DC5C1 /* AMKMBProgressHUDViewController.m */; };
		8806D985290BB57D005DC5C1 /* AMKRootExampleModel.m in Sources */ = {isa = PBXBuildFile; fileRef = 8806D984290BB57D005DC5C1 /* AMKRootExampleModel.m */; };
		8812EFE22878661800370522 /* AMKStackViewController.m in Sources */ = {isa = PBXBuildFile; fileRef = 8812EFE12878661800370522 /* AMKStackViewController.m */; };
		885C55222918AD58007482B8 /* AMKRefreshHeader.m in Sources */ = {isa = PBXBuildFile; fileRef = 885C55212918AD58007482B8 /* AMKRefreshHeader.m */; };
		887F1028293F3C0F00253DE8 /* AMKUIPasteboardAlertExampleViewController.m in Sources */ = {isa = PBXBuildFile; fileRef = 887F1027293F3C0F00253DE8 /* AMKUIPasteboardAlertExampleViewController.m */; };
		887F16AC2941929400253DE8 /* NSObject+AMKERuntimeInfo.m in Sources */ = {isa = PBXBuildFile; fileRef = 887F16AB2941929400253DE8 /* NSObject+AMKERuntimeInfo.m */; };
		888D8F0B2977EE0F00B8F26F /* WKWebView+AMKOfflineLoading.m in Sources */ = {isa = PBXBuildFile; fileRef = 888D8F052977EE0E00B8F26F /* WKWebView+AMKOfflineLoading.m */; };
		888D8F0C2977EE0F00B8F26F /* AMKOfflineLoadingWebViewController.m in Sources */ = {isa = PBXBuildFile; fileRef = 888D8F082977EE0E00B8F26F /* AMKOfflineLoadingWebViewController.m */; };
		888D8F0D2977EE0F00B8F26F /* NSURLRequest+AMKOfflineLoading.m in Sources */ = {isa = PBXBuildFile; fileRef = 888D8F092977EE0E00B8F26F /* NSURLRequest+AMKOfflineLoading.m */; };
		888D8F0F2977EE6C00B8F26F /* WebOfflineLoading.xcassets in Resources */ = {isa = PBXBuildFile; fileRef = 888D8F0E2977EE6C00B8F26F /* WebOfflineLoading.xcassets */; };
		88A05414295D9643001B2CCE /* AMKLifeCircleTabBarController.m in Sources */ = {isa = PBXBuildFile; fileRef = 88A05413295D9643001B2CCE /* AMKLifeCircleTabBarController.m */; };
		88A05417295D96A4001B2CCE /* AMKLifeCircleTabBarItemViewController.m in Sources */ = {isa = PBXBuildFile; fileRef = 88A05416295D96A4001B2CCE /* AMKLifeCircleTabBarItemViewController.m */; };
		88A0541A295D9E8D001B2CCE /* AMKLifeCircleTabBarSubViewController.m in Sources */ = {isa = PBXBuildFile; fileRef = 88A05419295D9E8D001B2CCE /* AMKLifeCircleTabBarSubViewController.m */; };
		88A0541D295DA3AE001B2CCE /* AMKLifeCircleTabBarBaseViewController.m in Sources */ = {isa = PBXBuildFile; fileRef = 88A0541C295DA3AE001B2CCE /* AMKLifeCircleTabBarBaseViewController.m */; };
		88CC95D82959C00D00C0AD26 /* AMKLottieExampleViewController.m in Sources */ = {isa = PBXBuildFile; fileRef = 88CC95D72959C00D00C0AD26 /* AMKLottieExampleViewController.m */; };
		88CC95DB2959C53B00C0AD26 /* christmas.json in Resources */ = {isa = PBXBuildFile; fileRef = 88CC95DA2959C53B00C0AD26 /* christmas.json */; };
		88CC95E12959D90500C0AD26 /* WKNVipBenefitsAnimationView.m in Sources */ = {isa = PBXBuildFile; fileRef = 88CC95E02959D90500C0AD26 /* WKNVipBenefitsAnimationView.m */; };
		88EEBDEC29151FF90049AED5 /* AMKMJRefreshViewController.m in Sources */ = {isa = PBXBuildFile; fileRef = 88EEBDEB29151FF90049AED5 /* AMKMJRefreshViewController.m */; };
		88EEBDF5291527530049AED5 /* AMKRefreshHeaderToastView.m in Sources */ = {isa = PBXBuildFile; fileRef = 88EEBDF4291527530049AED5 /* AMKRefreshHeaderToastView.m */; };
/* End PBXBuildFile section */

/* Begin PBXContainerItemProxy section */
		6003F5B3195388D20070C39A /* PBXContainerItemProxy */ = {
			isa = PBXContainerItemProxy;
			containerPortal = 6003F582195388D10070C39A /* Project object */;
			proxyType = 1;
			remoteGlobalIDString = 6003F589195388D20070C39A;
			remoteInfo = AMKCategories;
		};
/* End PBXContainerItemProxy section */

/* Begin PBXFileReference section */
		446577AC5A75A400E40E7472 /* Pods_AMKCategories_Example.framework */ = {isa = PBXFileReference; explicitFileType = wrapper.framework; includeInIndex = 0; path = Pods_AMKCategories_Example.framework; sourceTree = BUILT_PRODUCTS_DIR; };
		6003F58A195388D20070C39A /* AMKCategories_Example.app */ = {isa = PBXFileReference; explicitFileType = wrapper.application; includeInIndex = 0; path = AMKCategories_Example.app; sourceTree = BUILT_PRODUCTS_DIR; };
		6003F58D195388D20070C39A /* Foundation.framework */ = {isa = PBXFileReference; lastKnownFileType = wrapper.framework; name = Foundation.framework; path = System/Library/Frameworks/Foundation.framework; sourceTree = SDKROOT; };
		6003F58F195388D20070C39A /* CoreGraphics.framework */ = {isa = PBXFileReference; lastKnownFileType = wrapper.framework; name = CoreGraphics.framework; path = System/Library/Frameworks/CoreGraphics.framework; sourceTree = SDKROOT; };
		6003F591195388D20070C39A /* UIKit.framework */ = {isa = PBXFileReference; lastKnownFileType = wrapper.framework; name = UIKit.framework; path = System/Library/Frameworks/UIKit.framework; sourceTree = SDKROOT; };
		6003F595195388D20070C39A /* AMKCategories-Info.plist */ = {isa = PBXFileReference; lastKnownFileType = text.plist.xml; path = "AMKCategories-Info.plist"; sourceTree = "<group>"; };
		6003F597195388D20070C39A /* en */ = {isa = PBXFileReference; lastKnownFileType = text.plist.strings; name = en; path = en.lproj/InfoPlist.strings; sourceTree = "<group>"; };
		6003F599195388D20070C39A /* main.m */ = {isa = PBXFileReference; lastKnownFileType = sourcecode.c.objc; path = main.m; sourceTree = "<group>"; };
		6003F59B195388D20070C39A /* AMKCategories-Prefix.pch */ = {isa = PBXFileReference; lastKnownFileType = sourcecode.c.h; path = "AMKCategories-Prefix.pch"; sourceTree = "<group>"; };
		6003F59C195388D20070C39A /* AMKAppDelegate.h */ = {isa = PBXFileReference; lastKnownFileType = sourcecode.c.h; path = AMKAppDelegate.h; sourceTree = "<group>"; };
		6003F59D195388D20070C39A /* AMKAppDelegate.m */ = {isa = PBXFileReference; lastKnownFileType = sourcecode.c.objc; path = AMKAppDelegate.m; sourceTree = "<group>"; };
		6003F5A5195388D20070C39A /* AMKRootViewController.h */ = {isa = PBXFileReference; lastKnownFileType = sourcecode.c.h; path = AMKRootViewController.h; sourceTree = "<group>"; };
		6003F5A6195388D20070C39A /* AMKRootViewController.m */ = {isa = PBXFileReference; lastKnownFileType = sourcecode.c.objc; path = AMKRootViewController.m; sourceTree = "<group>"; };
		6003F5A8195388D20070C39A /* Images.xcassets */ = {isa = PBXFileReference; lastKnownFileType = folder.assetcatalog; path = Images.xcassets; sourceTree = "<group>"; };
		6003F5AE195388D20070C39A /* AMKCategories_Tests.xctest */ = {isa = PBXFileReference; explicitFileType = wrapper.cfbundle; includeInIndex = 0; path = AMKCategories_Tests.xctest; sourceTree = BUILT_PRODUCTS_DIR; };
		6003F5AF195388D20070C39A /* XCTest.framework */ = {isa = PBXFileReference; lastKnownFileType = wrapper.framework; name = XCTest.framework; path = Library/Frameworks/XCTest.framework; sourceTree = DEVELOPER_DIR; };
		6003F5B7195388D20070C39A /* Tests-Info.plist */ = {isa = PBXFileReference; lastKnownFileType = text.plist.xml; path = "Tests-Info.plist"; sourceTree = "<group>"; };
		6003F5B9195388D20070C39A /* en */ = {isa = PBXFileReference; lastKnownFileType = text.plist.strings; name = en; path = en.lproj/InfoPlist.strings; sourceTree = "<group>"; };
		6003F5BB195388D20070C39A /* Tests.m */ = {isa = PBXFileReference; lastKnownFileType = sourcecode.c.objc; path = Tests.m; sourceTree = "<group>"; };
		606FC2411953D9B200FFA9A0 /* Tests-Prefix.pch */ = {isa = PBXFileReference; lastKnownFileType = sourcecode.c.h; path = "Tests-Prefix.pch"; sourceTree = "<group>"; };
		71719F9E1E33DC2100824A3D /* Base */ = {isa = PBXFileReference; lastKnownFileType = file.storyboard; name = Base; path = Base.lproj/LaunchScreen.storyboard; sourceTree = "<group>"; };
		7BC29A4F4330E05DB5324258 /* Pods-AMKCategories_Example.release.xcconfig */ = {isa = PBXFileReference; includeInIndex = 1; lastKnownFileType = text.xcconfig; name = "Pods-AMKCategories_Example.release.xcconfig"; path = "Target Support Files/Pods-AMKCategories_Example/Pods-AMKCategories_Example.release.xcconfig"; sourceTree = "<group>"; };
		7DDA7EA524701D5E2B4CDBF7 /* LICENSE */ = {isa = PBXFileReference; includeInIndex = 1; lastKnownFileType = text; name = LICENSE; path = ../LICENSE; sourceTree = "<group>"; };
		807350553AC9FD96BD8711DB /* Pods-AMKCategories_Example.debug.xcconfig */ = {isa = PBXFileReference; includeInIndex = 1; lastKnownFileType = text.xcconfig; name = "Pods-AMKCategories_Example.debug.xcconfig"; path = "Target Support Files/Pods-AMKCategories_Example/Pods-AMKCategories_Example.debug.xcconfig"; sourceTree = "<group>"; };
		83511D98B77C4517A791752E /* AMKCategories.podspec */ = {isa = PBXFileReference; includeInIndex = 1; lastKnownFileType = text; name = AMKCategories.podspec; path = ../AMKCategories.podspec; sourceTree = "<group>"; xcLanguageSpecificationIdentifier = xcode.lang.ruby; };
		8806D946290BB4BA005DC5C1 /* AMKContentHuggingPriorityViewController.h */ = {isa = PBXFileReference; fileEncoding = 4; lastKnownFileType = sourcecode.c.h; path = AMKContentHuggingPriorityViewController.h; sourceTree = "<group>"; };
		8806D947290BB4BA005DC5C1 /* AMKContentHuggingPriorityControl.m */ = {isa = PBXFileReference; fileEncoding = 4; lastKnownFileType = sourcecode.c.objc; path = AMKContentHuggingPriorityControl.m; sourceTree = "<group>"; };
		8806D948290BB4BA005DC5C1 /* AMKContentHuggingPriorityViewController.m */ = {isa = PBXFileReference; fileEncoding = 4; lastKnownFileType = sourcecode.c.objc; path = AMKContentHuggingPriorityViewController.m; sourceTree = "<group>"; };
		8806D949290BB4BA005DC5C1 /* AMKContentHuggingPriorityControl.h */ = {isa = PBXFileReference; fileEncoding = 4; lastKnownFileType = sourcecode.c.h; path = AMKContentHuggingPriorityControl.h; sourceTree = "<group>"; };
		8806D94B290BB4BA005DC5C1 /* AMKCustomProgressView.m */ = {isa = PBXFileReference; fileEncoding = 4; lastKnownFileType = sourcecode.c.objc; path = AMKCustomProgressView.m; sourceTree = "<group>"; };
		8806D94C290BB4BA005DC5C1 /* AMKCustomProgressViewController.m */ = {isa = PBXFileReference; fileEncoding = 4; lastKnownFileType = sourcecode.c.objc; path = AMKCustomProgressViewController.m; sourceTree = "<group>"; };
		8806D94D290BB4BA005DC5C1 /* AMKCustomProgressView.h */ = {isa = PBXFileReference; fileEncoding = 4; lastKnownFileType = sourcecode.c.h; path = AMKCustomProgressView.h; sourceTree = "<group>"; };
		8806D94E290BB4BA005DC5C1 /* AMKCustomProgressViewController.h */ = {isa = PBXFileReference; fileEncoding = 4; lastKnownFileType = sourcecode.c.h; path = AMKCustomProgressViewController.h; sourceTree = "<group>"; };
		8806D951290BB4BA005DC5C1 /* AMKCollectionViewDelegateViewController.h */ = {isa = PBXFileReference; fileEncoding = 4; lastKnownFileType = sourcecode.c.h; path = AMKCollectionViewDelegateViewController.h; sourceTree = "<group>"; };
		8806D952290BB4BA005DC5C1 /* AMKCollectionViewDelegateViewController.m */ = {isa = PBXFileReference; fileEncoding = 4; lastKnownFileType = sourcecode.c.objc; path = AMKCollectionViewDelegateViewController.m; sourceTree = "<group>"; };
		8806D955290BB4BA005DC5C1 /* AMKLifeCircleBlockExampleViewController.m */ = {isa = PBXFileReference; fileEncoding = 4; lastKnownFileType = sourcecode.c.objc; path = AMKLifeCircleBlockExampleViewController.m; sourceTree = "<group>"; };
		8806D956290BB4BA005DC5C1 /* AMKLifeCircleBlockExampleViewController.h */ = {isa = PBXFileReference; fileEncoding = 4; lastKnownFileType = sourcecode.c.h; path = AMKLifeCircleBlockExampleViewController.h; sourceTree = "<group>"; };
		8806D959290BB4BA005DC5C1 /* AMKTableViewDelegateViewController.m */ = {isa = PBXFileReference; fileEncoding = 4; lastKnownFileType = sourcecode.c.objc; path = AMKTableViewDelegateViewController.m; sourceTree = "<group>"; };
		8806D95A290BB4BA005DC5C1 /* AMKTableViewDelegateViewController.h */ = {isa = PBXFileReference; fileEncoding = 4; lastKnownFileType = sourcecode.c.h; path = AMKTableViewDelegateViewController.h; sourceTree = "<group>"; };
		8806D960290BB4BA005DC5C1 /* AMKGitCommitInfoViewController.m */ = {isa = PBXFileReference; fileEncoding = 4; lastKnownFileType = sourcecode.c.objc; path = AMKGitCommitInfoViewController.m; sourceTree = "<group>"; };
		8806D961290BB4BA005DC5C1 /* AMKGitCommitInfoViewController.h */ = {isa = PBXFileReference; fileEncoding = 4; lastKnownFileType = sourcecode.c.h; path = AMKGitCommitInfoViewController.h; sourceTree = "<group>"; };
		8806D963290BB4BA005DC5C1 /* AMKAppVersionInfoViewController.m */ = {isa = PBXFileReference; fileEncoding = 4; lastKnownFileType = sourcecode.c.objc; path = AMKAppVersionInfoViewController.m; sourceTree = "<group>"; };
		8806D964290BB4BA005DC5C1 /* AMKAppVersionInfoViewController.h */ = {isa = PBXFileReference; fileEncoding = 4; lastKnownFileType = sourcecode.c.h; path = AMKAppVersionInfoViewController.h; sourceTree = "<group>"; };
		8806D967290BB4BA005DC5C1 /* AMKEmojiStringViewController.m */ = {isa = PBXFileReference; fileEncoding = 4; lastKnownFileType = sourcecode.c.objc; path = AMKEmojiStringViewController.m; sourceTree = "<group>"; };
		8806D968290BB4BA005DC5C1 /* AMKEmojiStringViewController.txt */ = {isa = PBXFileReference; fileEncoding = 4; lastKnownFileType = text; path = AMKEmojiStringViewController.txt; sourceTree = "<group>"; };
		8806D969290BB4BA005DC5C1 /* AMKEmojiStringViewController.h */ = {isa = PBXFileReference; fileEncoding = 4; lastKnownFileType = sourcecode.c.h; path = AMKEmojiStringViewController.h; sourceTree = "<group>"; };
		8806D96C290BB4BA005DC5C1 /* AMKKeyPathCodingViewController.m */ = {isa = PBXFileReference; fileEncoding = 4; lastKnownFileType = sourcecode.c.objc; path = AMKKeyPathCodingViewController.m; sourceTree = "<group>"; };
		8806D96D290BB4BA005DC5C1 /* AMKKeyPathCodingViewController.h */ = {isa = PBXFileReference; fileEncoding = 4; lastKnownFileType = sourcecode.c.h; path = AMKKeyPathCodingViewController.h; sourceTree = "<group>"; };
		8806D971290BB4BA005DC5C1 /* AMKMBProgressHUDViewController.m */ = {isa = PBXFileReference; fileEncoding = 4; lastKnownFileType = sourcecode.c.objc; path = AMKMBProgressHUDViewController.m; sourceTree = "<group>"; };
		8806D972290BB4BA005DC5C1 /* AMKMBProgressHUDViewController.h */ = {isa = PBXFileReference; fileEncoding = 4; lastKnownFileType = sourcecode.c.h; path = AMKMBProgressHUDViewController.h; sourceTree = "<group>"; };
		8806D983290BB57D005DC5C1 /* AMKRootExampleModel.h */ = {isa = PBXFileReference; lastKnownFileType = sourcecode.c.h; path = AMKRootExampleModel.h; sourceTree = "<group>"; };
		8806D984290BB57D005DC5C1 /* AMKRootExampleModel.m */ = {isa = PBXFileReference; lastKnownFileType = sourcecode.c.objc; path = AMKRootExampleModel.m; sourceTree = "<group>"; };
		8812EFE02878661700370522 /* AMKStackViewController.h */ = {isa = PBXFileReference; lastKnownFileType = sourcecode.c.h; path = AMKStackViewController.h; sourceTree = "<group>"; };
		8812EFE12878661800370522 /* AMKStackViewController.m */ = {isa = PBXFileReference; lastKnownFileType = sourcecode.c.objc; path = AMKStackViewController.m; sourceTree = "<group>"; };
		885C55202918AD58007482B8 /* AMKRefreshHeader.h */ = {isa = PBXFileReference; lastKnownFileType = sourcecode.c.h; path = AMKRefreshHeader.h; sourceTree = "<group>"; };
		885C55212918AD58007482B8 /* AMKRefreshHeader.m */ = {isa = PBXFileReference; lastKnownFileType = sourcecode.c.objc; path = AMKRefreshHeader.m; sourceTree = "<group>"; };
		887F1026293F3C0F00253DE8 /* AMKUIPasteboardAlertExampleViewController.h */ = {isa = PBXFileReference; lastKnownFileType = sourcecode.c.h; path = AMKUIPasteboardAlertExampleViewController.h; sourceTree = "<group>"; };
		887F1027293F3C0F00253DE8 /* AMKUIPasteboardAlertExampleViewController.m */ = {isa = PBXFileReference; lastKnownFileType = sourcecode.c.objc; path = AMKUIPasteboardAlertExampleViewController.m; sourceTree = "<group>"; };
		887F16AA2941929400253DE8 /* NSObject+AMKERuntimeInfo.h */ = {isa = PBXFileReference; lastKnownFileType = sourcecode.c.h; path = "NSObject+AMKERuntimeInfo.h"; sourceTree = "<group>"; };
		887F16AB2941929400253DE8 /* NSObject+AMKERuntimeInfo.m */ = {isa = PBXFileReference; lastKnownFileType = sourcecode.c.objc; path = "NSObject+AMKERuntimeInfo.m"; sourceTree = "<group>"; };
		888D8F052977EE0E00B8F26F /* WKWebView+AMKOfflineLoading.m */ = {isa = PBXFileReference; fileEncoding = 4; lastKnownFileType = sourcecode.c.objc; path = "WKWebView+AMKOfflineLoading.m"; sourceTree = "<group>"; };
		888D8F062977EE0E00B8F26F /* NSURLRequest+AMKOfflineLoading.h */ = {isa = PBXFileReference; fileEncoding = 4; lastKnownFileType = sourcecode.c.h; path = "NSURLRequest+AMKOfflineLoading.h"; sourceTree = "<group>"; };
		888D8F072977EE0E00B8F26F /* AMKOfflineLoadingWebViewController.h */ = {isa = PBXFileReference; fileEncoding = 4; lastKnownFileType = sourcecode.c.h; path = AMKOfflineLoadingWebViewController.h; sourceTree = "<group>"; };
		888D8F082977EE0E00B8F26F /* AMKOfflineLoadingWebViewController.m */ = {isa = PBXFileReference; fileEncoding = 4; lastKnownFileType = sourcecode.c.objc; path = AMKOfflineLoadingWebViewController.m; sourceTree = "<group>"; };
		888D8F092977EE0E00B8F26F /* NSURLRequest+AMKOfflineLoading.m */ = {isa = PBXFileReference; fileEncoding = 4; lastKnownFileType = sourcecode.c.objc; path = "NSURLRequest+AMKOfflineLoading.m"; sourceTree = "<group>"; };
		888D8F0A2977EE0E00B8F26F /* WKWebView+AMKOfflineLoading.h */ = {isa = PBXFileReference; fileEncoding = 4; lastKnownFileType = sourcecode.c.h; path = "WKWebView+AMKOfflineLoading.h"; sourceTree = "<group>"; };
		888D8F0E2977EE6C00B8F26F /* WebOfflineLoading.xcassets */ = {isa = PBXFileReference; lastKnownFileType = folder.assetcatalog; path = WebOfflineLoading.xcassets; sourceTree = "<group>"; };
		88A05412295D9643001B2CCE /* AMKLifeCircleTabBarController.h */ = {isa = PBXFileReference; lastKnownFileType = sourcecode.c.h; path = AMKLifeCircleTabBarController.h; sourceTree = "<group>"; };
		88A05413295D9643001B2CCE /* AMKLifeCircleTabBarController.m */ = {isa = PBXFileReference; lastKnownFileType = sourcecode.c.objc; path = AMKLifeCircleTabBarController.m; sourceTree = "<group>"; };
		88A05415295D96A4001B2CCE /* AMKLifeCircleTabBarItemViewController.h */ = {isa = PBXFileReference; lastKnownFileType = sourcecode.c.h; path = AMKLifeCircleTabBarItemViewController.h; sourceTree = "<group>"; };
		88A05416295D96A4001B2CCE /* AMKLifeCircleTabBarItemViewController.m */ = {isa = PBXFileReference; lastKnownFileType = sourcecode.c.objc; path = AMKLifeCircleTabBarItemViewController.m; sourceTree = "<group>"; };
		88A05418295D9E8D001B2CCE /* AMKLifeCircleTabBarSubViewController.h */ = {isa = PBXFileReference; lastKnownFileType = sourcecode.c.h; path = AMKLifeCircleTabBarSubViewController.h; sourceTree = "<group>"; };
		88A05419295D9E8D001B2CCE /* AMKLifeCircleTabBarSubViewController.m */ = {isa = PBXFileReference; lastKnownFileType = sourcecode.c.objc; path = AMKLifeCircleTabBarSubViewController.m; sourceTree = "<group>"; };
		88A0541B295DA3AE001B2CCE /* AMKLifeCircleTabBarBaseViewController.h */ = {isa = PBXFileReference; lastKnownFileType = sourcecode.c.h; path = AMKLifeCircleTabBarBaseViewController.h; sourceTree = "<group>"; };
		88A0541C295DA3AE001B2CCE /* AMKLifeCircleTabBarBaseViewController.m */ = {isa = PBXFileReference; lastKnownFileType = sourcecode.c.objc; path = AMKLifeCircleTabBarBaseViewController.m; sourceTree = "<group>"; };
		88CC95D62959C00D00C0AD26 /* AMKLottieExampleViewController.h */ = {isa = PBXFileReference; lastKnownFileType = sourcecode.c.h; path = AMKLottieExampleViewController.h; sourceTree = "<group>"; };
		88CC95D72959C00D00C0AD26 /* AMKLottieExampleViewController.m */ = {isa = PBXFileReference; lastKnownFileType = sourcecode.c.objc; path = AMKLottieExampleViewController.m; sourceTree = "<group>"; };
		88CC95DA2959C53B00C0AD26 /* christmas.json */ = {isa = PBXFileReference; fileEncoding = 4; lastKnownFileType = text.json; path = christmas.json; sourceTree = "<group>"; };
		88CC95DF2959D90500C0AD26 /* WKNVipBenefitsAnimationView.h */ = {isa = PBXFileReference; lastKnownFileType = sourcecode.c.h; path = WKNVipBenefitsAnimationView.h; sourceTree = "<group>"; };
		88CC95E02959D90500C0AD26 /* WKNVipBenefitsAnimationView.m */ = {isa = PBXFileReference; lastKnownFileType = sourcecode.c.objc; path = WKNVipBenefitsAnimationView.m; sourceTree = "<group>"; };
		88EEBDEA29151FF90049AED5 /* AMKMJRefreshViewController.h */ = {isa = PBXFileReference; lastKnownFileType = sourcecode.c.h; path = AMKMJRefreshViewController.h; sourceTree = "<group>"; };
		88EEBDEB29151FF90049AED5 /* AMKMJRefreshViewController.m */ = {isa = PBXFileReference; lastKnownFileType = sourcecode.c.objc; path = AMKMJRefreshViewController.m; sourceTree = "<group>"; };
		88EEBDF3291527530049AED5 /* AMKRefreshHeaderToastView.h */ = {isa = PBXFileReference; lastKnownFileType = sourcecode.c.h; path = AMKRefreshHeaderToastView.h; sourceTree = "<group>"; };
		88EEBDF4291527530049AED5 /* AMKRefreshHeaderToastView.m */ = {isa = PBXFileReference; lastKnownFileType = sourcecode.c.objc; path = AMKRefreshHeaderToastView.m; sourceTree = "<group>"; };
		9E63105028D3AF297ED4988F /* README.md */ = {isa = PBXFileReference; includeInIndex = 1; lastKnownFileType = net.daringfireball.markdown; name = README.md; path = ../README.md; sourceTree = "<group>"; };
/* End PBXFileReference section */

/* Begin PBXFrameworksBuildPhase section */
		6003F587195388D20070C39A /* Frameworks */ = {
			isa = PBXFrameworksBuildPhase;
			buildActionMask = 2147483647;
			files = (
				6003F590195388D20070C39A /* CoreGraphics.framework in Frameworks */,
				6003F592195388D20070C39A /* UIKit.framework in Frameworks */,
				6003F58E195388D20070C39A /* Foundation.framework in Frameworks */,
				0D34AC88A16CD60F7B28C741 /* Pods_AMKCategories_Example.framework in Frameworks */,
			);
			runOnlyForDeploymentPostprocessing = 0;
		};
		6003F5AB195388D20070C39A /* Frameworks */ = {
			isa = PBXFrameworksBuildPhase;
			buildActionMask = 2147483647;
			files = (
				6003F5B0195388D20070C39A /* XCTest.framework in Frameworks */,
				6003F5B2195388D20070C39A /* UIKit.framework in Frameworks */,
				6003F5B1195388D20070C39A /* Foundation.framework in Frameworks */,
			);
			runOnlyForDeploymentPostprocessing = 0;
		};
/* End PBXFrameworksBuildPhase section */

/* Begin PBXGroup section */
		201BEF9F081CEA5061833579 /* Pods */ = {
			isa = PBXGroup;
			children = (
				807350553AC9FD96BD8711DB /* Pods-AMKCategories_Example.debug.xcconfig */,
				7BC29A4F4330E05DB5324258 /* Pods-AMKCategories_Example.release.xcconfig */,
			);
			path = Pods;
			sourceTree = "<group>";
		};
		6003F581195388D10070C39A = {
			isa = PBXGroup;
			children = (
				60FF7A9C1954A5C5007DD14C /* Podspec Metadata */,
				6003F593195388D20070C39A /* Example for AMKCategories */,
				6003F5B5195388D20070C39A /* Tests */,
				6003F58C195388D20070C39A /* Frameworks */,
				6003F58B195388D20070C39A /* Products */,
				201BEF9F081CEA5061833579 /* Pods */,
			);
			sourceTree = "<group>";
		};
		6003F58B195388D20070C39A /* Products */ = {
			isa = PBXGroup;
			children = (
				6003F58A195388D20070C39A /* AMKCategories_Example.app */,
				6003F5AE195388D20070C39A /* AMKCategories_Tests.xctest */,
			);
			name = Products;
			sourceTree = "<group>";
		};
		6003F58C195388D20070C39A /* Frameworks */ = {
			isa = PBXGroup;
			children = (
				6003F58D195388D20070C39A /* Foundation.framework */,
				6003F58F195388D20070C39A /* CoreGraphics.framework */,
				6003F591195388D20070C39A /* UIKit.framework */,
				6003F5AF195388D20070C39A /* XCTest.framework */,
				446577AC5A75A400E40E7472 /* Pods_AMKCategories_Example.framework */,
			);
			name = Frameworks;
			sourceTree = "<group>";
		};
		6003F593195388D20070C39A /* Example for AMKCategories */ = {
			isa = PBXGroup;
			children = (
				6003F59C195388D20070C39A /* AMKAppDelegate.h */,
				6003F59D195388D20070C39A /* AMKAppDelegate.m */,
				8806D942290BB4BA005DC5C1 /* Modules */,
				8806D981290BB531005DC5C1 /* Commons */,
				71719F9D1E33DC2100824A3D /* LaunchScreen.storyboard */,
				6003F5A8195388D20070C39A /* Images.xcassets */,
				6003F594195388D20070C39A /* Supporting Files */,
			);
			name = "Example for AMKCategories";
			path = AMKCategories;
			sourceTree = "<group>";
		};
		6003F594195388D20070C39A /* Supporting Files */ = {
			isa = PBXGroup;
			children = (
				6003F595195388D20070C39A /* AMKCategories-Info.plist */,
				6003F596195388D20070C39A /* InfoPlist.strings */,
				6003F599195388D20070C39A /* main.m */,
				6003F59B195388D20070C39A /* AMKCategories-Prefix.pch */,
			);
			name = "Supporting Files";
			sourceTree = "<group>";
		};
		6003F5B5195388D20070C39A /* Tests */ = {
			isa = PBXGroup;
			children = (
				6003F5BB195388D20070C39A /* Tests.m */,
				8840B8D4246660CB005BBA39 /* Resources */,
				6003F5B6195388D20070C39A /* Supporting Files */,
			);
			path = Tests;
			sourceTree = "<group>";
		};
		6003F5B6195388D20070C39A /* Supporting Files */ = {
			isa = PBXGroup;
			children = (
				6003F5B7195388D20070C39A /* Tests-Info.plist */,
				6003F5B8195388D20070C39A /* InfoPlist.strings */,
				606FC2411953D9B200FFA9A0 /* Tests-Prefix.pch */,
			);
			name = "Supporting Files";
			sourceTree = "<group>";
		};
		60FF7A9C1954A5C5007DD14C /* Podspec Metadata */ = {
			isa = PBXGroup;
			children = (
				83511D98B77C4517A791752E /* AMKCategories.podspec */,
				9E63105028D3AF297ED4988F /* README.md */,
				7DDA7EA524701D5E2B4CDBF7 /* LICENSE */,
			);
			name = "Podspec Metadata";
			sourceTree = "<group>";
		};
		8806D942290BB4BA005DC5C1 /* Modules */ = {
			isa = PBXGroup;
			children = (
				8806D973290BB4BA005DC5C1 /* Root */,
				888D8F032977EE0E00B8F26F /* WebKit */,
				8806D943290BB4BA005DC5C1 /* UIKit */,
				8806D95B290BB4BA005DC5C1 /* Foundation */,
				8806D96F290BB4BA005DC5C1 /* ThirdPart */,
			);
			path = Modules;
			sourceTree = "<group>";
		};
		8806D943290BB4BA005DC5C1 /* UIKit */ = {
			isa = PBXGroup;
			children = (
				8806D944290BB4BA005DC5C1 /* UIView */,
				8806D94F290BB4BA005DC5C1 /* UICollectionView */,
				887F1024293F3BE300253DE8 /* UIPasteboard */,
				8806D953290BB4BA005DC5C1 /* UIViewController */,
				88A05410295D95ED001B2CCE /* UITabBarController */,
				8806D957290BB4BA005DC5C1 /* UITableView */,
			);
			path = UIKit;
			sourceTree = "<group>";
		};
		8806D944290BB4BA005DC5C1 /* UIView */ = {
			isa = PBXGroup;
			children = (
				8806D945290BB4BA005DC5C1 /* ContentHuggingPriority */,
				8806D94A290BB4BA005DC5C1 /* CustomProgressView */,
			);
			path = UIView;
			sourceTree = "<group>";
		};
		8806D945290BB4BA005DC5C1 /* ContentHuggingPriority */ = {
			isa = PBXGroup;
			children = (
				8806D946290BB4BA005DC5C1 /* AMKContentHuggingPriorityViewController.h */,
				8806D948290BB4BA005DC5C1 /* AMKContentHuggingPriorityViewController.m */,
				8806D949290BB4BA005DC5C1 /* AMKContentHuggingPriorityControl.h */,
				8806D947290BB4BA005DC5C1 /* AMKContentHuggingPriorityControl.m */,
			);
			path = ContentHuggingPriority;
			sourceTree = "<group>";
		};
		8806D94A290BB4BA005DC5C1 /* CustomProgressView */ = {
			isa = PBXGroup;
			children = (
				8806D94B290BB4BA005DC5C1 /* AMKCustomProgressView.m */,
				8806D94C290BB4BA005DC5C1 /* AMKCustomProgressViewController.m */,
				8806D94D290BB4BA005DC5C1 /* AMKCustomProgressView.h */,
				8806D94E290BB4BA005DC5C1 /* AMKCustomProgressViewController.h */,
			);
			path = CustomProgressView;
			sourceTree = "<group>";
		};
		8806D94F290BB4BA005DC5C1 /* UICollectionView */ = {
			isa = PBXGroup;
			children = (
				8806D950290BB4BA005DC5C1 /* Delegate */,
			);
			path = UICollectionView;
			sourceTree = "<group>";
		};
		8806D950290BB4BA005DC5C1 /* Delegate */ = {
			isa = PBXGroup;
			children = (
				8806D951290BB4BA005DC5C1 /* AMKCollectionViewDelegateViewController.h */,
				8806D952290BB4BA005DC5C1 /* AMKCollectionViewDelegateViewController.m */,
			);
			path = Delegate;
			sourceTree = "<group>";
		};
		8806D953290BB4BA005DC5C1 /* UIViewController */ = {
			isa = PBXGroup;
			children = (
				8806D954290BB4BA005DC5C1 /* LifeCircleBlock */,
			);
			path = UIViewController;
			sourceTree = "<group>";
		};
		8806D954290BB4BA005DC5C1 /* LifeCircleBlock */ = {
			isa = PBXGroup;
			children = (
				8806D955290BB4BA005DC5C1 /* AMKLifeCircleBlockExampleViewController.m */,
				8806D956290BB4BA005DC5C1 /* AMKLifeCircleBlockExampleViewController.h */,
			);
			path = LifeCircleBlock;
			sourceTree = "<group>";
		};
		8806D957290BB4BA005DC5C1 /* UITableView */ = {
			isa = PBXGroup;
			children = (
				8806D958290BB4BA005DC5C1 /* Delegate */,
			);
			path = UITableView;
			sourceTree = "<group>";
		};
		8806D958290BB4BA005DC5C1 /* Delegate */ = {
			isa = PBXGroup;
			children = (
				8806D959290BB4BA005DC5C1 /* AMKTableViewDelegateViewController.m */,
				8806D95A290BB4BA005DC5C1 /* AMKTableViewDelegateViewController.h */,
			);
			path = Delegate;
			sourceTree = "<group>";
		};
		8806D95B290BB4BA005DC5C1 /* Foundation */ = {
			isa = PBXGroup;
			children = (
				8806D95C290BB4BA005DC5C1 /* NSDictionary */,
				8806D95E290BB4BA005DC5C1 /* NSBundle */,
				8806D965290BB4BA005DC5C1 /* NSString */,
				8806D96A290BB4BA005DC5C1 /* NSObject */,
			);
			path = Foundation;
			sourceTree = "<group>";
		};
		8806D95C290BB4BA005DC5C1 /* NSDictionary */ = {
			isa = PBXGroup;
			children = (
				8806D95D290BB4BA005DC5C1 /* Database */,
			);
			path = NSDictionary;
			sourceTree = "<group>";
		};
		8806D95D290BB4BA005DC5C1 /* Database */ = {
			isa = PBXGroup;
			children = (
			);
			path = Database;
			sourceTree = "<group>";
		};
		8806D95E290BB4BA005DC5C1 /* NSBundle */ = {
			isa = PBXGroup;
			children = (
				8806D95F290BB4BA005DC5C1 /* GitCommitInfo */,
				8806D962290BB4BA005DC5C1 /* AppVersionInfo */,
			);
			path = NSBundle;
			sourceTree = "<group>";
		};
		8806D95F290BB4BA005DC5C1 /* GitCommitInfo */ = {
			isa = PBXGroup;
			children = (
				8806D961290BB4BA005DC5C1 /* AMKGitCommitInfoViewController.h */,
				8806D960290BB4BA005DC5C1 /* AMKGitCommitInfoViewController.m */,
			);
			path = GitCommitInfo;
			sourceTree = "<group>";
		};
		8806D962290BB4BA005DC5C1 /* AppVersionInfo */ = {
			isa = PBXGroup;
			children = (
				8806D963290BB4BA005DC5C1 /* AMKAppVersionInfoViewController.m */,
				8806D964290BB4BA005DC5C1 /* AMKAppVersionInfoViewController.h */,
			);
			path = AppVersionInfo;
			sourceTree = "<group>";
		};
		8806D965290BB4BA005DC5C1 /* NSString */ = {
			isa = PBXGroup;
			children = (
				8806D966290BB4BA005DC5C1 /* Emoji */,
			);
			path = NSString;
			sourceTree = "<group>";
		};
		8806D966290BB4BA005DC5C1 /* Emoji */ = {
			isa = PBXGroup;
			children = (
				8806D967290BB4BA005DC5C1 /* AMKEmojiStringViewController.m */,
				8806D968290BB4BA005DC5C1 /* AMKEmojiStringViewController.txt */,
				8806D969290BB4BA005DC5C1 /* AMKEmojiStringViewController.h */,
			);
			path = Emoji;
			sourceTree = "<group>";
		};
		8806D96A290BB4BA005DC5C1 /* NSObject */ = {
			isa = PBXGroup;
			children = (
				8806D96B290BB4BA005DC5C1 /* KeyPathCoding */,
				8806D96E290BB4BA005DC5C1 /* KeyValueCoding */,
			);
			path = NSObject;
			sourceTree = "<group>";
		};
		8806D96B290BB4BA005DC5C1 /* KeyPathCoding */ = {
			isa = PBXGroup;
			children = (
				8806D96C290BB4BA005DC5C1 /* AMKKeyPathCodingViewController.m */,
				8806D96D290BB4BA005DC5C1 /* AMKKeyPathCodingViewController.h */,
			);
			path = KeyPathCoding;
			sourceTree = "<group>";
		};
		8806D96E290BB4BA005DC5C1 /* KeyValueCoding */ = {
			isa = PBXGroup;
			children = (
			);
			path = KeyValueCoding;
			sourceTree = "<group>";
		};
		8806D96F290BB4BA005DC5C1 /* ThirdPart */ = {
			isa = PBXGroup;
			children = (
				88CC95D52959BFEB00C0AD26 /* Lottie */,
				88EEBDE929151FD10049AED5 /* MJRefresh */,
				8806D970290BB4BA005DC5C1 /* MBProgressHUD */,
			);
			path = ThirdPart;
			sourceTree = "<group>";
		};
		8806D970290BB4BA005DC5C1 /* MBProgressHUD */ = {
			isa = PBXGroup;
			children = (
				8806D972290BB4BA005DC5C1 /* AMKMBProgressHUDViewController.h */,
				8806D971290BB4BA005DC5C1 /* AMKMBProgressHUDViewController.m */,
			);
			path = MBProgressHUD;
			sourceTree = "<group>";
		};
		8806D973290BB4BA005DC5C1 /* Root */ = {
			isa = PBXGroup;
			children = (
				6003F5A5195388D20070C39A /* AMKRootViewController.h */,
				6003F5A6195388D20070C39A /* AMKRootViewController.m */,
				8806D983290BB57D005DC5C1 /* AMKRootExampleModel.h */,
				8806D984290BB57D005DC5C1 /* AMKRootExampleModel.m */,
			);
			path = Root;
			sourceTree = "<group>";
		};
		8806D981290BB531005DC5C1 /* Commons */ = {
			isa = PBXGroup;
			children = (
				887F16A92941926100253DE8 /* Categories */,
				8806D982290BB53B005DC5C1 /* ViewControllers */,
			);
			name = Commons;
			path = Modules/Commons;
			sourceTree = "<group>";
		};
		8806D982290BB53B005DC5C1 /* ViewControllers */ = {
			isa = PBXGroup;
			children = (
				8812EFE02878661700370522 /* AMKStackViewController.h */,
				8812EFE12878661800370522 /* AMKStackViewController.m */,
			);
			path = ViewControllers;
			sourceTree = "<group>";
		};
		8840B8D4246660CB005BBA39 /* Resources */ = {
			isa = PBXGroup;
			children = (
			);
			path = Resources;
			sourceTree = "<group>";
		};
		887F1024293F3BE300253DE8 /* UIPasteboard */ = {
			isa = PBXGroup;
			children = (
				887F1025293F3BE300253DE8 /* Alert */,
			);
			path = UIPasteboard;
			sourceTree = "<group>";
		};
		887F1025293F3BE300253DE8 /* Alert */ = {
			isa = PBXGroup;
			children = (
				887F1026293F3C0F00253DE8 /* AMKUIPasteboardAlertExampleViewController.h */,
				887F1027293F3C0F00253DE8 /* AMKUIPasteboardAlertExampleViewController.m */,
			);
			path = Alert;
			sourceTree = "<group>";
		};
		887F16A92941926100253DE8 /* Categories */ = {
			isa = PBXGroup;
			children = (
				887F16AA2941929400253DE8 /* NSObject+AMKERuntimeInfo.h */,
				887F16AB2941929400253DE8 /* NSObject+AMKERuntimeInfo.m */,
			);
			path = Categories;
			sourceTree = "<group>";
		};
		888D8F032977EE0E00B8F26F /* WebKit */ = {
			isa = PBXGroup;
			children = (
				888D8F042977EE0E00B8F26F /* OfflineLoading */,
			);
			path = WebKit;
			sourceTree = "<group>";
		};
		888D8F042977EE0E00B8F26F /* OfflineLoading */ = {
			isa = PBXGroup;
			children = (
				888D8F072977EE0E00B8F26F /* AMKOfflineLoadingWebViewController.h */,
				888D8F082977EE0E00B8F26F /* AMKOfflineLoadingWebViewController.m */,
				888D8F0A2977EE0E00B8F26F /* WKWebView+AMKOfflineLoading.h */,
				888D8F052977EE0E00B8F26F /* WKWebView+AMKOfflineLoading.m */,
				888D8F062977EE0E00B8F26F /* NSURLRequest+AMKOfflineLoading.h */,
				888D8F092977EE0E00B8F26F /* NSURLRequest+AMKOfflineLoading.m */,
				888D8F0E2977EE6C00B8F26F /* WebOfflineLoading.xcassets */,
			);
			path = OfflineLoading;
			sourceTree = "<group>";
		};
		88A05410295D95ED001B2CCE /* UITabBarController */ = {
			isa = PBXGroup;
			children = (
				88A05411295D95FC001B2CCE /* LifeCircle */,
			);
			path = UITabBarController;
			sourceTree = "<group>";
		};
		88A05411295D95FC001B2CCE /* LifeCircle */ = {
			isa = PBXGroup;
			children = (
				88A05412295D9643001B2CCE /* AMKLifeCircleTabBarController.h */,
				88A05413295D9643001B2CCE /* AMKLifeCircleTabBarController.m */,
				88A05415295D96A4001B2CCE /* AMKLifeCircleTabBarItemViewController.h */,
				88A05416295D96A4001B2CCE /* AMKLifeCircleTabBarItemViewController.m */,
				88A05418295D9E8D001B2CCE /* AMKLifeCircleTabBarSubViewController.h */,
				88A05419295D9E8D001B2CCE /* AMKLifeCircleTabBarSubViewController.m */,
				88A0541B295DA3AE001B2CCE /* AMKLifeCircleTabBarBaseViewController.h */,
				88A0541C295DA3AE001B2CCE /* AMKLifeCircleTabBarBaseViewController.m */,
			);
			path = LifeCircle;
			sourceTree = "<group>";
		};
		88CC95D52959BFEB00C0AD26 /* Lottie */ = {
			isa = PBXGroup;
			children = (
				88CC95D62959C00D00C0AD26 /* AMKLottieExampleViewController.h */,
				88CC95D72959C00D00C0AD26 /* AMKLottieExampleViewController.m */,
				88CC95DF2959D90500C0AD26 /* WKNVipBenefitsAnimationView.h */,
				88CC95E02959D90500C0AD26 /* WKNVipBenefitsAnimationView.m */,
				88CC95D92959C53B00C0AD26 /* Resources */,
			);
			path = Lottie;
			sourceTree = "<group>";
		};
		88CC95D92959C53B00C0AD26 /* Resources */ = {
			isa = PBXGroup;
			children = (
				88CC95DA2959C53B00C0AD26 /* christmas.json */,
			);
			path = Resources;
			sourceTree = "<group>";
		};
		88EEBDE929151FD10049AED5 /* MJRefresh */ = {
			isa = PBXGroup;
			children = (
				88EEBDEA29151FF90049AED5 /* AMKMJRefreshViewController.h */,
				88EEBDEB29151FF90049AED5 /* AMKMJRefreshViewController.m */,
				885C55202918AD58007482B8 /* AMKRefreshHeader.h */,
				885C55212918AD58007482B8 /* AMKRefreshHeader.m */,
				88EEBDF3291527530049AED5 /* AMKRefreshHeaderToastView.h */,
				88EEBDF4291527530049AED5 /* AMKRefreshHeaderToastView.m */,
			);
			path = MJRefresh;
			sourceTree = "<group>";
		};
/* End PBXGroup section */

/* Begin PBXNativeTarget section */
		6003F589195388D20070C39A /* AMKCategories_Example */ = {
			isa = PBXNativeTarget;
			buildConfigurationList = 6003F5BF195388D20070C39A /* Build configuration list for PBXNativeTarget "AMKCategories_Example" */;
			buildPhases = (
				01CB04B2D01CCB9579C007A8 /* [CP] Check Pods Manifest.lock */,
				6003F586195388D20070C39A /* Sources */,
				6003F587195388D20070C39A /* Frameworks */,
				6003F588195388D20070C39A /* Resources */,
				0339446CF268EB01D0D72985 /* [CP] Embed Pods Frameworks */,
				8881E6FC22EB1F1700CE6D9D /* Git Script */,
			);
			buildRules = (
			);
			dependencies = (
			);
			name = AMKCategories_Example;
			productName = AMKCategories;
			productReference = 6003F58A195388D20070C39A /* AMKCategories_Example.app */;
			productType = "com.apple.product-type.application";
		};
		6003F5AD195388D20070C39A /* AMKCategories_Tests */ = {
			isa = PBXNativeTarget;
			buildConfigurationList = 6003F5C2195388D20070C39A /* Build configuration list for PBXNativeTarget "AMKCategories_Tests" */;
			buildPhases = (
				6003F5AA195388D20070C39A /* Sources */,
				6003F5AB195388D20070C39A /* Frameworks */,
				6003F5AC195388D20070C39A /* Resources */,
			);
			buildRules = (
			);
			dependencies = (
				6003F5B4195388D20070C39A /* PBXTargetDependency */,
			);
			name = AMKCategories_Tests;
			productName = AMKCategoriesTests;
			productReference = 6003F5AE195388D20070C39A /* AMKCategories_Tests.xctest */;
			productType = "com.apple.product-type.bundle.unit-test";
		};
/* End PBXNativeTarget section */

/* Begin PBXProject section */
		6003F582195388D10070C39A /* Project object */ = {
			isa = PBXProject;
			attributes = {
				CLASSPREFIX = AMK;
				LastUpgradeCheck = 0720;
				ORGANIZATIONNAME = AndyM129;
				TargetAttributes = {
					6003F589195388D20070C39A = {
						DevelopmentTeam = TGLMB8BDP2;
					};
					6003F5AD195388D20070C39A = {
						TestTargetID = 6003F589195388D20070C39A;
					};
				};
			};
			buildConfigurationList = 6003F585195388D10070C39A /* Build configuration list for PBXProject "AMKCategories" */;
			compatibilityVersion = "Xcode 3.2";
			developmentRegion = English;
			hasScannedForEncodings = 0;
			knownRegions = (
				English,
				en,
				Base,
			);
			mainGroup = 6003F581195388D10070C39A;
			productRefGroup = 6003F58B195388D20070C39A /* Products */;
			projectDirPath = "";
			projectRoot = "";
			targets = (
				6003F589195388D20070C39A /* AMKCategories_Example */,
				6003F5AD195388D20070C39A /* AMKCategories_Tests */,
			);
		};
/* End PBXProject section */

/* Begin PBXResourcesBuildPhase section */
		6003F588195388D20070C39A /* Resources */ = {
			isa = PBXResourcesBuildPhase;
			buildActionMask = 2147483647;
			files = (
				71719F9F1E33DC2100824A3D /* LaunchScreen.storyboard in Resources */,
				6003F5A9195388D20070C39A /* Images.xcassets in Resources */,
				8806D97E290BB4BB005DC5C1 /* AMKEmojiStringViewController.txt in Resources */,
				888D8F0F2977EE6C00B8F26F /* WebOfflineLoading.xcassets in Resources */,
				6003F598195388D20070C39A /* InfoPlist.strings in Resources */,
				88CC95DB2959C53B00C0AD26 /* christmas.json in Resources */,
			);
			runOnlyForDeploymentPostprocessing = 0;
		};
		6003F5AC195388D20070C39A /* Resources */ = {
			isa = PBXResourcesBuildPhase;
			buildActionMask = 2147483647;
			files = (
				6003F5BA195388D20070C39A /* InfoPlist.strings in Resources */,
			);
			runOnlyForDeploymentPostprocessing = 0;
		};
/* End PBXResourcesBuildPhase section */

/* Begin PBXShellScriptBuildPhase section */
		01CB04B2D01CCB9579C007A8 /* [CP] Check Pods Manifest.lock */ = {
			isa = PBXShellScriptBuildPhase;
			buildActionMask = 2147483647;
			files = (
			);
			inputFileListPaths = (
			);
			inputPaths = (
				"${PODS_PODFILE_DIR_PATH}/Podfile.lock",
				"${PODS_ROOT}/Manifest.lock",
			);
			name = "[CP] Check Pods Manifest.lock";
			outputFileListPaths = (
			);
			outputPaths = (
				"$(DERIVED_FILE_DIR)/Pods-AMKCategories_Example-checkManifestLockResult.txt",
			);
			runOnlyForDeploymentPostprocessing = 0;
			shellPath = /bin/sh;
			shellScript = "diff \"${PODS_PODFILE_DIR_PATH}/Podfile.lock\" \"${PODS_ROOT}/Manifest.lock\" > /dev/null\nif [ $? != 0 ] ; then\n    # print error to STDERR\n    echo \"error: The sandbox is not in sync with the Podfile.lock. Run 'pod install' or update your CocoaPods installation.\" >&2\n    exit 1\nfi\n# This output is used by Xcode 'outputs' to avoid re-running this script phase.\necho \"SUCCESS\" > \"${SCRIPT_OUTPUT_FILE_0}\"\n";
			showEnvVarsInLog = 0;
		};
		0339446CF268EB01D0D72985 /* [CP] Embed Pods Frameworks */ = {
			isa = PBXShellScriptBuildPhase;
			buildActionMask = 2147483647;
			files = (
			);
			inputPaths = (
				"${PODS_ROOT}/Target Support Files/Pods-AMKCategories_Example/Pods-AMKCategories_Example-frameworks.sh",
				"${BUILT_PRODUCTS_DIR}/AMKCategories/AMKCategories.framework",
				"${BUILT_PRODUCTS_DIR}/AMKStackView/AMKStackView.framework",
				"${BUILT_PRODUCTS_DIR}/Aspects/Aspects.framework",
				"${BUILT_PRODUCTS_DIR}/FDFullscreenPopGesture/FDFullscreenPopGesture.framework",
				"${BUILT_PRODUCTS_DIR}/FLEX/FLEX.framework",
				"${BUILT_PRODUCTS_DIR}/MBProgressHUD/MBProgressHUD.framework",
				"${BUILT_PRODUCTS_DIR}/MJRefresh/MJRefresh.framework",
				"${BUILT_PRODUCTS_DIR}/Masonry/Masonry.framework",
				"${BUILT_PRODUCTS_DIR}/YYCategories/YYCategories.framework",
				"${BUILT_PRODUCTS_DIR}/lottie-ios/Lottie.framework",
			);
			name = "[CP] Embed Pods Frameworks";
			outputPaths = (
				"${TARGET_BUILD_DIR}/${FRAMEWORKS_FOLDER_PATH}/AMKCategories.framework",
				"${TARGET_BUILD_DIR}/${FRAMEWORKS_FOLDER_PATH}/AMKStackView.framework",
				"${TARGET_BUILD_DIR}/${FRAMEWORKS_FOLDER_PATH}/Aspects.framework",
				"${TARGET_BUILD_DIR}/${FRAMEWORKS_FOLDER_PATH}/FDFullscreenPopGesture.framework",
				"${TARGET_BUILD_DIR}/${FRAMEWORKS_FOLDER_PATH}/FLEX.framework",
				"${TARGET_BUILD_DIR}/${FRAMEWORKS_FOLDER_PATH}/MBProgressHUD.framework",
				"${TARGET_BUILD_DIR}/${FRAMEWORKS_FOLDER_PATH}/MJRefresh.framework",
				"${TARGET_BUILD_DIR}/${FRAMEWORKS_FOLDER_PATH}/Masonry.framework",
				"${TARGET_BUILD_DIR}/${FRAMEWORKS_FOLDER_PATH}/YYCategories.framework",
				"${TARGET_BUILD_DIR}/${FRAMEWORKS_FOLDER_PATH}/Lottie.framework",
			);
			runOnlyForDeploymentPostprocessing = 0;
			shellPath = /bin/sh;
			shellScript = "\"${PODS_ROOT}/Target Support Files/Pods-AMKCategories_Example/Pods-AMKCategories_Example-frameworks.sh\"\n";
			showEnvVarsInLog = 0;
		};
		8881E6FC22EB1F1700CE6D9D /* Git Script */ = {
			isa = PBXShellScriptBuildPhase;
			buildActionMask = 2147483647;
			files = (
			);
			inputFileListPaths = (
			);
			inputPaths = (
			);
			name = "Git Script";
			outputFileListPaths = (
			);
			outputPaths = (
			);
			runOnlyForDeploymentPostprocessing = 0;
			shellPath = /bin/sh;
			shellScript = "# 存入的文件 \ninfo_plist=\"${BUILT_PRODUCTS_DIR}/${EXECUTABLE_FOLDER_PATH}/Info.plist\"\n\n# 最后一次提交的SHA：获取、删除后重新添加\ngit_sha=$(git rev-parse HEAD)\necho \"git_sha = ${git_sha}\"\n/usr/libexec/PlistBuddy -c \"Delete :AMKGitCommitSHA\" \"${info_plist}\"\n/usr/libexec/PlistBuddy -c \"Add :AMKGitCommitSHA string '${git_sha}'\" \"${info_plist}\"\n\n# 当前的分支：获取、删除后重新添加\ngit_branch=$(git symbolic-ref --short -q HEAD)\necho \"git_branch = ${git_branch}\"\n/usr/libexec/PlistBuddy -c \"Delete :AMKGitCommitBranch\" \"${info_plist}\"\n/usr/libexec/PlistBuddy -c \"Add :AMKGitCommitBranch string '${git_branch}'\" \"${info_plist}\"\n\n# 最后一次提交的作者\ngit_last_commit_user=$(git log -1 --pretty=format:'%an')\necho \"git_last_commit_user = ${git_last_commit_user}\"\n/usr/libexec/PlistBuddy -c \"Delete :AMKGitCommitUser\" \"${info_plist}\"\n/usr/libexec/PlistBuddy -c \"Add :AMKGitCommitUser string '${git_last_commit_user}'\" \"${info_plist}\"\n\n# 最后一次提交的时间，示例：2022-12-09 18:31:01 +0800\ngit_last_commit_date=$(git log -1 --format='%cd' --date=iso8601)\necho \"git_last_commit_date = ${git_last_commit_date}\"\n/usr/libexec/PlistBuddy -c \"Delete :AMKGitCommitDate\" \"${info_plist}\"\n/usr/libexec/PlistBuddy -c \"Add :AMKGitCommitDate string '${git_last_commit_date}'\" \"${info_plist}\"\n\n";
		};
/* End PBXShellScriptBuildPhase section */

/* Begin PBXSourcesBuildPhase section */
		6003F586195388D20070C39A /* Sources */ = {
			isa = PBXSourcesBuildPhase;
			buildActionMask = 2147483647;
			files = (
				8806D980290BB4BB005DC5C1 /* AMKMBProgressHUDViewController.m in Sources */,
				88EEBDEC29151FF90049AED5 /* AMKMJRefreshViewController.m in Sources */,
				8806D985290BB57D005DC5C1 /* AMKRootExampleModel.m in Sources */,
				88A0541D295DA3AE001B2CCE /* AMKLifeCircleTabBarBaseViewController.m in Sources */,
				8806D97D290BB4BB005DC5C1 /* AMKEmojiStringViewController.m in Sources */,
				888D8F0D2977EE0F00B8F26F /* NSURLRequest+AMKOfflineLoading.m in Sources */,
				88A05414295D9643001B2CCE /* AMKLifeCircleTabBarController.m in Sources */,
				8806D97B290BB4BB005DC5C1 /* AMKGitCommitInfoViewController.m in Sources */,
				8812EFE22878661800370522 /* AMKStackViewController.m in Sources */,
				888D8F0C2977EE0F00B8F26F /* AMKOfflineLoadingWebViewController.m in Sources */,
				88CC95D82959C00D00C0AD26 /* AMKLottieExampleViewController.m in Sources */,
				887F1028293F3C0F00253DE8 /* AMKUIPasteboardAlertExampleViewController.m in Sources */,
				8806D979290BB4BB005DC5C1 /* AMKLifeCircleBlockExampleViewController.m in Sources */,
				88CC95E12959D90500C0AD26 /* WKNVipBenefitsAnimationView.m in Sources */,
				8806D97F290BB4BB005DC5C1 /* AMKKeyPathCodingViewController.m in Sources */,
				6003F59E195388D20070C39A /* AMKAppDelegate.m in Sources */,
				8806D975290BB4BA005DC5C1 /* AMKContentHuggingPriorityViewController.m in Sources */,
				885C55222918AD58007482B8 /* AMKRefreshHeader.m in Sources */,
				8806D97C290BB4BB005DC5C1 /* AMKAppVersionInfoViewController.m in Sources */,
				8806D978290BB4BA005DC5C1 /* AMKCollectionViewDelegateViewController.m in Sources */,
				88EEBDF5291527530049AED5 /* AMKRefreshHeaderToastView.m in Sources */,
				8806D97A290BB4BB005DC5C1 /* AMKTableViewDelegateViewController.m in Sources */,
				8806D976290BB4BA005DC5C1 /* AMKCustomProgressView.m in Sources */,
				888D8F0B2977EE0F00B8F26F /* WKWebView+AMKOfflineLoading.m in Sources */,
				8806D977290BB4BA005DC5C1 /* AMKCustomProgressViewController.m in Sources */,
				6003F5A7195388D20070C39A /* AMKRootViewController.m in Sources */,
				88A0541A295D9E8D001B2CCE /* AMKLifeCircleTabBarSubViewController.m in Sources */,
				8806D974290BB4BA005DC5C1 /* AMKContentHuggingPriorityControl.m in Sources */,
				887F16AC2941929400253DE8 /* NSObject+AMKERuntimeInfo.m in Sources */,
				6003F59A195388D20070C39A /* main.m in Sources */,
				88A05417295D96A4001B2CCE /* AMKLifeCircleTabBarItemViewController.m in Sources */,
			);
			runOnlyForDeploymentPostprocessing = 0;
		};
		6003F5AA195388D20070C39A /* Sources */ = {
			isa = PBXSourcesBuildPhase;
			buildActionMask = 2147483647;
			files = (
				6003F5BC195388D20070C39A /* Tests.m in Sources */,
			);
			runOnlyForDeploymentPostprocessing = 0;
		};
/* End PBXSourcesBuildPhase section */

/* Begin PBXTargetDependency section */
		6003F5B4195388D20070C39A /* PBXTargetDependency */ = {
			isa = PBXTargetDependency;
			target = 6003F589195388D20070C39A /* AMKCategories_Example */;
			targetProxy = 6003F5B3195388D20070C39A /* PBXContainerItemProxy */;
		};
/* End PBXTargetDependency section */

/* Begin PBXVariantGroup section */
		6003F596195388D20070C39A /* InfoPlist.strings */ = {
			isa = PBXVariantGroup;
			children = (
				6003F597195388D20070C39A /* en */,
			);
			name = InfoPlist.strings;
			sourceTree = "<group>";
		};
		6003F5B8195388D20070C39A /* InfoPlist.strings */ = {
			isa = PBXVariantGroup;
			children = (
				6003F5B9195388D20070C39A /* en */,
			);
			name = InfoPlist.strings;
			sourceTree = "<group>";
		};
		71719F9D1E33DC2100824A3D /* LaunchScreen.storyboard */ = {
			isa = PBXVariantGroup;
			children = (
				71719F9E1E33DC2100824A3D /* Base */,
			);
			name = LaunchScreen.storyboard;
			sourceTree = "<group>";
		};
/* End PBXVariantGroup section */

/* Begin XCBuildConfiguration section */
		6003F5BD195388D20070C39A /* Debug */ = {
			isa = XCBuildConfiguration;
			buildSettings = {
				ALWAYS_SEARCH_USER_PATHS = NO;
				CLANG_CXX_LANGUAGE_STANDARD = "gnu++0x";
				CLANG_CXX_LIBRARY = "libc++";
				CLANG_ENABLE_MODULES = YES;
				CLANG_ENABLE_OBJC_ARC = YES;
				CLANG_WARN_BOOL_CONVERSION = YES;
				CLANG_WARN_CONSTANT_CONVERSION = YES;
				CLANG_WARN_DIRECT_OBJC_ISA_USAGE = YES_ERROR;
				CLANG_WARN_EMPTY_BODY = YES;
				CLANG_WARN_ENUM_CONVERSION = YES;
				CLANG_WARN_INT_CONVERSION = YES;
				CLANG_WARN_OBJC_ROOT_CLASS = YES_ERROR;
				CLANG_WARN__DUPLICATE_METHOD_MATCH = YES;
				"CODE_SIGN_IDENTITY[sdk=iphoneos*]" = "iPhone Developer";
				COPY_PHASE_STRIP = NO;
				ENABLE_TESTABILITY = YES;
				GCC_C_LANGUAGE_STANDARD = gnu99;
				GCC_DYNAMIC_NO_PIC = NO;
				GCC_OPTIMIZATION_LEVEL = 0;
				GCC_PREPROCESSOR_DEFINITIONS = (
					"DEBUG=1",
					"$(inherited)",
				);
				GCC_SYMBOLS_PRIVATE_EXTERN = NO;
				GCC_WARN_64_TO_32_BIT_CONVERSION = YES;
				GCC_WARN_ABOUT_RETURN_TYPE = YES_ERROR;
				GCC_WARN_UNDECLARED_SELECTOR = YES;
				GCC_WARN_UNINITIALIZED_AUTOS = YES_AGGRESSIVE;
				GCC_WARN_UNUSED_FUNCTION = YES;
				GCC_WARN_UNUSED_VARIABLE = YES;
				IPHONEOS_DEPLOYMENT_TARGET = 11.0;
				ONLY_ACTIVE_ARCH = YES;
				SDKROOT = iphoneos;
				TARGETED_DEVICE_FAMILY = "1,2";
			};
			name = Debug;
		};
		6003F5BE195388D20070C39A /* Release */ = {
			isa = XCBuildConfiguration;
			buildSettings = {
				ALWAYS_SEARCH_USER_PATHS = NO;
				CLANG_CXX_LANGUAGE_STANDARD = "gnu++0x";
				CLANG_CXX_LIBRARY = "libc++";
				CLANG_ENABLE_MODULES = YES;
				CLANG_ENABLE_OBJC_ARC = YES;
				CLANG_WARN_BOOL_CONVERSION = YES;
				CLANG_WARN_CONSTANT_CONVERSION = YES;
				CLANG_WARN_DIRECT_OBJC_ISA_USAGE = YES_ERROR;
				CLANG_WARN_EMPTY_BODY = YES;
				CLANG_WARN_ENUM_CONVERSION = YES;
				CLANG_WARN_INT_CONVERSION = YES;
				CLANG_WARN_OBJC_ROOT_CLASS = YES_ERROR;
				CLANG_WARN__DUPLICATE_METHOD_MATCH = YES;
				"CODE_SIGN_IDENTITY[sdk=iphoneos*]" = "iPhone Developer";
				COPY_PHASE_STRIP = YES;
				ENABLE_NS_ASSERTIONS = NO;
				GCC_C_LANGUAGE_STANDARD = gnu99;
				GCC_WARN_64_TO_32_BIT_CONVERSION = YES;
				GCC_WARN_ABOUT_RETURN_TYPE = YES_ERROR;
				GCC_WARN_UNDECLARED_SELECTOR = YES;
				GCC_WARN_UNINITIALIZED_AUTOS = YES_AGGRESSIVE;
				GCC_WARN_UNUSED_FUNCTION = YES;
				GCC_WARN_UNUSED_VARIABLE = YES;
				IPHONEOS_DEPLOYMENT_TARGET = 11.0;
				SDKROOT = iphoneos;
				TARGETED_DEVICE_FAMILY = "1,2";
				VALIDATE_PRODUCT = YES;
			};
			name = Release;
		};
		6003F5C0195388D20070C39A /* Debug */ = {
			isa = XCBuildConfiguration;
			baseConfigurationReference = 807350553AC9FD96BD8711DB /* Pods-AMKCategories_Example.debug.xcconfig */;
			buildSettings = {
				ASSETCATALOG_COMPILER_APPICON_NAME = AppIcon;
				DEVELOPMENT_TEAM = TGLMB8BDP2;
				GCC_PRECOMPILE_PREFIX_HEADER = YES;
				GCC_PREFIX_HEADER = "AMKCategories/AMKCategories-Prefix.pch";
				INFOPLIST_FILE = "AMKCategories/AMKCategories-Info.plist";
				IPHONEOS_DEPLOYMENT_TARGET = 11.0;
				MODULE_NAME = ExampleApp;
				PRODUCT_BUNDLE_IDENTIFIER = io.github.andym129.AMKCategories;
				PRODUCT_NAME = "$(TARGET_NAME)";
				SWIFT_VERSION = 4.0;
				WRAPPER_EXTENSION = app;
			};
			name = Debug;
		};
		6003F5C1195388D20070C39A /* Release */ = {
			isa = XCBuildConfiguration;
			baseConfigurationReference = 7BC29A4F4330E05DB5324258 /* Pods-AMKCategories_Example.release.xcconfig */;
			buildSettings = {
				ASSETCATALOG_COMPILER_APPICON_NAME = AppIcon;
				DEVELOPMENT_TEAM = TGLMB8BDP2;
				GCC_PRECOMPILE_PREFIX_HEADER = YES;
				GCC_PREFIX_HEADER = "AMKCategories/AMKCategories-Prefix.pch";
				INFOPLIST_FILE = "AMKCategories/AMKCategories-Info.plist";
				IPHONEOS_DEPLOYMENT_TARGET = 11.0;
				MODULE_NAME = ExampleApp;
				PRODUCT_BUNDLE_IDENTIFIER = io.github.andym129.AMKCategories;
				PRODUCT_NAME = "$(TARGET_NAME)";
				SWIFT_VERSION = 4.0;
				WRAPPER_EXTENSION = app;
			};
			name = Release;
		};
		6003F5C3195388D20070C39A /* Debug */ = {
			isa = XCBuildConfiguration;
			buildSettings = {
				BUNDLE_LOADER = "$(TEST_HOST)";
				FRAMEWORK_SEARCH_PATHS = (
					"$(PLATFORM_DIR)/Developer/Library/Frameworks",
					"$(inherited)",
					"$(DEVELOPER_FRAMEWORKS_DIR)",
				);
				GCC_PRECOMPILE_PREFIX_HEADER = YES;
				GCC_PREFIX_HEADER = "Tests/Tests-Prefix.pch";
				GCC_PREPROCESSOR_DEFINITIONS = (
					"DEBUG=1",
					"$(inherited)",
				);
				INFOPLIST_FILE = "Tests/Tests-Info.plist";
				PRODUCT_BUNDLE_IDENTIFIER = "org.cocoapods.demo.${PRODUCT_NAME:rfc1034identifier}";
				PRODUCT_NAME = "$(TARGET_NAME)";
				SWIFT_VERSION = 4.0;
				TEST_HOST = "$(BUILT_PRODUCTS_DIR)/AMKCategories_Example.app/AMKCategories_Example";
				WRAPPER_EXTENSION = xctest;
			};
			name = Debug;
		};
		6003F5C4195388D20070C39A /* Release */ = {
			isa = XCBuildConfiguration;
			buildSettings = {
				BUNDLE_LOADER = "$(TEST_HOST)";
				FRAMEWORK_SEARCH_PATHS = (
					"$(PLATFORM_DIR)/Developer/Library/Frameworks",
					"$(inherited)",
					"$(DEVELOPER_FRAMEWORKS_DIR)",
				);
				GCC_PRECOMPILE_PREFIX_HEADER = YES;
				GCC_PREFIX_HEADER = "Tests/Tests-Prefix.pch";
				INFOPLIST_FILE = "Tests/Tests-Info.plist";
				PRODUCT_BUNDLE_IDENTIFIER = "org.cocoapods.demo.${PRODUCT_NAME:rfc1034identifier}";
				PRODUCT_NAME = "$(TARGET_NAME)";
				SWIFT_VERSION = 4.0;
				TEST_HOST = "$(BUILT_PRODUCTS_DIR)/AMKCategories_Example.app/AMKCategories_Example";
				WRAPPER_EXTENSION = xctest;
			};
			name = Release;
		};
/* End XCBuildConfiguration section */

/* Begin XCConfigurationList section */
		6003F585195388D10070C39A /* Build configuration list for PBXProject "AMKCategories" */ = {
			isa = XCConfigurationList;
			buildConfigurations = (
				6003F5BD195388D20070C39A /* Debug */,
				6003F5BE195388D20070C39A /* Release */,
			);
			defaultConfigurationIsVisible = 0;
			defaultConfigurationName = Release;
		};
		6003F5BF195388D20070C39A /* Build configuration list for PBXNativeTarget "AMKCategories_Example" */ = {
			isa = XCConfigurationList;
			buildConfigurations = (
				6003F5C0195388D20070C39A /* Debug */,
				6003F5C1195388D20070C39A /* Release */,
			);
			defaultConfigurationIsVisible = 0;
			defaultConfigurationName = Release;
		};
		6003F5C2195388D20070C39A /* Build configuration list for PBXNativeTarget "AMKCategories_Tests" */ = {
			isa = XCConfigurationList;
			buildConfigurations = (
				6003F5C3195388D20070C39A /* Debug */,
				6003F5C4195388D20070C39A /* Release */,
			);
			defaultConfigurationIsVisible = 0;
			defaultConfigurationName = Release;
		};
/* End XCConfigurationList section */
	};
	rootObject = 6003F582195388D10070C39A /* Project object */;
}
